
Microsoft Visual Studio Solution File, Format Version 12.00
# Visual Studio Version 17
VisualStudioVersion = 17.8.34316.72
MinimumVisualStudioVersion = 10.0.40219.1
Project("{9A19103F-16F7-4668-BE54-9A1E7A4F7556}") = "CreativeMinds.CQSLight", "CreativeMinds.CQSLight\CreativeMinds.CQSLight.csproj", "{7C6C4376-1EFD-47E3-8241-63DFDDF377F0}"
EndProject
Project("{FAE04EC0-301F-11D3-BF4B-00C04F79EFBC}") = "CreativeMinds.CQSLight.SampleWebApp", "CreativeMinds.CQSLight.SampleWebApp\CreativeMinds.CQSLight.SampleWebApp.csproj", "{BB7013B6-98D3-41FF-A6D4-6D22169D7CFF}"
EndProject
Project("{2150E333-8FDC-42A3-9474-1A3956D46DE8}") = "Build", "Build", "{C975173E-CB25-4A31-BB1E-92183D6FD7E5}"
	ProjectSection(SolutionItems) = preProject
		..\appveyor.yml = ..\appveyor.yml
	EndProjectSection
EndProject
Project("{2150E333-8FDC-42A3-9474-1A3956D46DE8}") = "Solution Items", "Solution Items", "{1BA72F29-1333-4637-A372-0D93A7ADF6F7}"
	ProjectSection(SolutionItems) = preProject
		.editorconfig = .editorconfig
		..\.gitignore = ..\.gitignore
		..\README.md = ..\README.md
	EndProjectSection
EndProject
Global
	GlobalSection(SolutionConfigurationPlatforms) = preSolution
		Debug|Any CPU = Debug|Any CPU
		Release|Any CPU = Release|Any CPU
	EndGlobalSection
	GlobalSection(ProjectConfigurationPlatforms) = postSolution
		{7C6C4376-1EFD-47E3-8241-63DFDDF377F0}.Debug|Any CPU.ActiveCfg = Debug|Any CPU
		{7C6C4376-1EFD-47E3-8241-63DFDDF377F0}.Debug|Any CPU.Build.0 = Debug|Any CPU
		{7C6C4376-1EFD-47E3-8241-63DFDDF377F0}.Release|Any CPU.ActiveCfg = Release|Any CPU
		{7C6C4376-1EFD-47E3-8241-63DFDDF377F0}.Release|Any CPU.Build.0 = Release|Any CPU
		{BB7013B6-98D3-41FF-A6D4-6D22169D7CFF}.Debug|Any CPU.ActiveCfg = Debug|Any CPU
		{BB7013B6-98D3-41FF-A6D4-6D22169D7CFF}.Debug|Any CPU.Build.0 = Debug|Any CPU
		{BB7013B6-98D3-41FF-A6D4-6D22169D7CFF}.Release|Any CPU.ActiveCfg = Release|Any CPU
		{BB7013B6-98D3-41FF-A6D4-6D22169D7CFF}.Release|Any CPU.Build.0 = Release|Any CPU
	EndGlobalSection
	GlobalSection(SolutionProperties) = preSolution
		HideSolutionNode = FALSE
	EndGlobalSection
	GlobalSection(ExtensibilityGlobals) = postSolution
		SolutionGuid = {050A9014-CCB2-43BC-8981-2AAA637128AF}
	EndGlobalSection
EndGlobal
